
Microsoft Visual Studio Solution File, Format Version 12.00
# Visual Studio Version 17
VisualStudioVersion = 17.5.33627.172
MinimumVisualStudioVersion = 10.0.40219.1
Project("{2150E333-8FDC-42A3-9474-1A3956D46DE8}") = "Microservices", "Microservices", "{2AED5022-7B8D-40E0-A8A7-1E2A74231C5B}"
EndProject
Project("{2150E333-8FDC-42A3-9474-1A3956D46DE8}") = "GateWay", "GateWay", "{EAE57E9D-39BA-4998-9223-859A2ABB0252}"
EndProject
Project("{2150E333-8FDC-42A3-9474-1A3956D46DE8}") = "AuthenticateService", "AuthenticateService", "{3050EF64-E855-45A4-B2DE-A23F1ED1E338}"
EndProject
Project("{9A19103F-16F7-4668-BE54-9A1E7A4F7556}") = "Authenticated", "Authenticated\Authenticated.csproj", "{AB449CF6-6C1E-4040-937B-A8B59079F92A}"
EndProject
Project("{9A19103F-16F7-4668-BE54-9A1E7A4F7556}") = "ReverseProxy", "ReverseProxy\ReverseProxy.csproj", "{969660F8-4B3C-468E-99BD-10BDA808D8FE}"
EndProject
Project("{E53339B2-1760-4266-BCC7-CA923CBCF16C}") = "docker-compose", "docker-compose.dcproj", "{A30E10E5-1A24-4578-ADDB-AFCE0C30413F}"
EndProject
Project("{2150E333-8FDC-42A3-9474-1A3956D46DE8}") = "Building", "Building", "{99C6DC94-A0B0-49C4-BA13-A3D72289ABEC}"
EndProject
Project("{9A19103F-16F7-4668-BE54-9A1E7A4F7556}") = "Infrastructures", "Infrastructures\Infrastructures.csproj", "{8CCDE642-6CB0-46DD-9C53-664CEA4C0C92}"
EndProject
Project("{9A19103F-16F7-4668-BE54-9A1E7A4F7556}") = "ConsumerRabbitMQ", "..\ConsumerRabbitMQ\ConsumerRabbitMQ.csproj", "{66E54EF0-93D1-4F56-8F6A-0C301DCC0A57}"
EndProject
Project("{9A19103F-16F7-4668-BE54-9A1E7A4F7556}") = "Contract", "Contract\Contract.csproj", "{0544B16F-864A-4851-9393-9B253960851B}"
EndProject
Project("{2150E333-8FDC-42A3-9474-1A3956D46DE8}") = "EventBus", "EventBus", "{5B862C1A-BA1E-47CA-9346-B06B0E36A785}"
EndProject
Project("{FAE04EC0-301F-11D3-BF4B-00C04F79EFBC}") = "EventBus.Message", "EventBus.Message\EventBus.Message.csproj", "{B4EBD814-8D0F-49B5-9766-62BC99EB1D6C}"
EndProject
Global
	GlobalSection(SolutionConfigurationPlatforms) = preSolution
		Debug|Any CPU = Debug|Any CPU
		Release|Any CPU = Release|Any CPU
	EndGlobalSection
	GlobalSection(ProjectConfigurationPlatforms) = postSolution
		{AB449CF6-6C1E-4040-937B-A8B59079F92A}.Debug|Any CPU.ActiveCfg = Debug|Any CPU
		{AB449CF6-6C1E-4040-937B-A8B59079F92A}.Debug|Any CPU.Build.0 = Debug|Any CPU
		{AB449CF6-6C1E-4040-937B-A8B59079F92A}.Release|Any CPU.ActiveCfg = Release|Any CPU
		{AB449CF6-6C1E-4040-937B-A8B59079F92A}.Release|Any CPU.Build.0 = Release|Any CPU
		{969660F8-4B3C-468E-99BD-10BDA808D8FE}.Debug|Any CPU.ActiveCfg = Debug|Any CPU
		{969660F8-4B3C-468E-99BD-10BDA808D8FE}.Debug|Any CPU.Build.0 = Debug|Any CPU
		{969660F8-4B3C-468E-99BD-10BDA808D8FE}.Release|Any CPU.ActiveCfg = Release|Any CPU
		{969660F8-4B3C-468E-99BD-10BDA808D8FE}.Release|Any CPU.Build.0 = Release|Any CPU
		{A30E10E5-1A24-4578-ADDB-AFCE0C30413F}.Debug|Any CPU.ActiveCfg = Debug|Any CPU
		{A30E10E5-1A24-4578-ADDB-AFCE0C30413F}.Debug|Any CPU.Build.0 = Debug|Any CPU
		{A30E10E5-1A24-4578-ADDB-AFCE0C30413F}.Release|Any CPU.ActiveCfg = Release|Any CPU
		{A30E10E5-1A24-4578-ADDB-AFCE0C30413F}.Release|Any CPU.Build.0 = Release|Any CPU
		{8CCDE642-6CB0-46DD-9C53-664CEA4C0C92}.Debug|Any CPU.ActiveCfg = Debug|Any CPU
		{8CCDE642-6CB0-46DD-9C53-664CEA4C0C92}.Debug|Any CPU.Build.0 = Debug|Any CPU
		{8CCDE642-6CB0-46DD-9C53-664CEA4C0C92}.Release|Any CPU.ActiveCfg = Release|Any CPU
		{8CCDE642-6CB0-46DD-9C53-664CEA4C0C92}.Release|Any CPU.Build.0 = Release|Any CPU
		{66E54EF0-93D1-4F56-8F6A-0C301DCC0A57}.Debug|Any CPU.ActiveCfg = Debug|Any CPU
		{66E54EF0-93D1-4F56-8F6A-0C301DCC0A57}.Debug|Any CPU.Build.0 = Debug|Any CPU
		{66E54EF0-93D1-4F56-8F6A-0C301DCC0A57}.Release|Any CPU.ActiveCfg = Release|Any CPU
		{66E54EF0-93D1-4F56-8F6A-0C301DCC0A57}.Release|Any CPU.Build.0 = Release|Any CPU
		{0544B16F-864A-4851-9393-9B253960851B}.Debug|Any CPU.ActiveCfg = Debug|Any CPU
		{0544B16F-864A-4851-9393-9B253960851B}.Debug|Any CPU.Build.0 = Debug|Any CPU
		{0544B16F-864A-4851-9393-9B253960851B}.Release|Any CPU.ActiveCfg = Release|Any CPU
		{0544B16F-864A-4851-9393-9B253960851B}.Release|Any CPU.Build.0 = Release|Any CPU
		{B4EBD814-8D0F-49B5-9766-62BC99EB1D6C}.Debug|Any CPU.ActiveCfg = Debug|Any CPU
		{B4EBD814-8D0F-49B5-9766-62BC99EB1D6C}.Debug|Any CPU.Build.0 = Debug|Any CPU
		{B4EBD814-8D0F-49B5-9766-62BC99EB1D6C}.Release|Any CPU.ActiveCfg = Release|Any CPU
		{B4EBD814-8D0F-49B5-9766-62BC99EB1D6C}.Release|Any CPU.Build.0 = Release|Any CPU
	EndGlobalSection
	GlobalSection(SolutionProperties) = preSolution
		HideSolutionNode = FALSE
	EndGlobalSection
	GlobalSection(NestedProjects) = preSolution
		{3050EF64-E855-45A4-B2DE-A23F1ED1E338} = {2AED5022-7B8D-40E0-A8A7-1E2A74231C5B}
		{AB449CF6-6C1E-4040-937B-A8B59079F92A} = {3050EF64-E855-45A4-B2DE-A23F1ED1E338}
		{969660F8-4B3C-468E-99BD-10BDA808D8FE} = {EAE57E9D-39BA-4998-9223-859A2ABB0252}
		{99C6DC94-A0B0-49C4-BA13-A3D72289ABEC} = {2AED5022-7B8D-40E0-A8A7-1E2A74231C5B}
		{8CCDE642-6CB0-46DD-9C53-664CEA4C0C92} = {99C6DC94-A0B0-49C4-BA13-A3D72289ABEC}
		{66E54EF0-93D1-4F56-8F6A-0C301DCC0A57} = {3050EF64-E855-45A4-B2DE-A23F1ED1E338}
		{0544B16F-864A-4851-9393-9B253960851B} = {99C6DC94-A0B0-49C4-BA13-A3D72289ABEC}
		{5B862C1A-BA1E-47CA-9346-B06B0E36A785} = {99C6DC94-A0B0-49C4-BA13-A3D72289ABEC}
		{B4EBD814-8D0F-49B5-9766-62BC99EB1D6C} = {5B862C1A-BA1E-47CA-9346-B06B0E36A785}
	EndGlobalSection
	GlobalSection(ExtensibilityGlobals) = postSolution
		SolutionGuid = {FF804B83-66B2-4025-B90D-25E94197E164}
	EndGlobalSection
EndGlobal
